{
  "name": "jarvis-medical-frontend",
  "version": "0.1.0",
  "lockfileVersion": 3,
  "requires": true,
  "packages": {
    "": {
      "name": "jarvis-medical-frontend",
      "version": "0.1.0",
      "dependencies": {
        "react": "^19.2.0",
        "react-dom": "^19.2.0"
      },
      "devDependencies": {
        "@eslint/js": "^9.39.1",
        "@types/node": "^24.10.1",
        "@types/react": "^19.2.5",
        "@types/react-dom": "^19.2.3",
        "@vitejs/plugin-react": "^5.1.1",
        "eslint": "^9.39.1",
        "eslint-plugin-react-hooks": "^7.0.1",
        "eslint-plugin-react-refresh": "^0.4.24",
        "globals": "^16.5.0",
        "typescript": "~5.9.3",
        "typescript-eslint": "^8.46.4",
        "vite": "^7.2.4"
      }
    },
    "node_modules/@babel/code-frame": {
      "version": "7.29.7",
      "resolved": "https://registry.npmjs.org/@babel/code-frame/-/code-frame-7.29.7.tgz",
      "integrity": "sha512-Aup7aUOfpbAUg2ROOJN6Iw5f9DMBlzu0mIkm/malLQFN/YQgO48wCj0Kxa3sEHJvPVFg7siR+qRInwXd2qhQKw==",
      "dev": true,
      "license": "MIT",
      "dependencies": {
        "@babel/helper-validator-identifier": "^7.29.7",
        "js-tokens": "^4.0.0",
        "picocolors": "^1.1.1"
      },
      "engines": {
        "node": ">=6.9.0"
      }
    },
    "node_modules/@babel/compat-data": {
      "version": "7.29.7",
      "resolved": "https://registry.npmjs.org/@babel/compat-data/-/compat-data-7.29.7.tgz",
      "integrity": "sha512-locTkQyKvwIEgBzVrn8693ebc97F2U8ZHjbXwDXJ5Fn2TCpNwTlKcaKLkdHop5c/icOFE7qt7Q9JC5hnKNa6Gg==",
      "dev": true,
      "license": "MIT",
      "engines": {
        "node": ">=6.9.0"
      }
    },
    "node_modules/@babel/core": {
      "version": "7.29.7",
      "resolved": "https://registry.npmjs.org/@babel/core/-/core-7.29.7.tgz",
      "integrity": "sha512-RgHBCvtjbOK2gXSNBNIkNoEc9qoVEtau3hj8gEqKQuL3HZAibKarWFEI3Lfm6EYKkLalOh8eSrj9b+ch9H/VBA==",
      "dev": true,
      "license": "MIT",
      "dependencies": {
        "@babel/code-frame": "^7.29.7",
        "@babel/generator": "^7.29.7",
        "@babel/helper-compilation-targets": "^7.29.7",
        "@babel/helper-module-transforms": "^7.29.7",
        "@babel/helpers": "^7.29.7",
        "@babel/parser": "^7.29.7",
        "@babel/template": "^7.29.7",
        "@babel/traverse": "^7.29.7",
        "@babel/types": "^7.29.7",
        "@jridgewell/remapping": "^2.3.5",
        "convert-source-map": "^2.0.0",
        "debug": "^4.1.0",
        "gensync": "^1.0.0-beta.2",
        "json5": "^2.2.3",
        "semver": "^6.3.1"
      },
      "engines": {
        "node": ">=6.9.0"
      },
      "funding": {
        "type": "opencollective",
     …31436 tokens truncated…e { DatabaseHealth, TokenResponse, User } from './types'

const modules = [
  { name: 'Pacientes', detail: 'Cadastro e gestão administrativa', accent: 'blue' },
  { name: 'Agenda', detail: 'Consultas e disponibilidade', accent: 'teal' },
  { name: 'Prontuários', detail: 'Histórico assistencial protegido', accent: 'violet' },
  { name: 'Exames', detail: 'Pedidos e resultados laboratoriais', accent: 'amber' },
]

function Brand() {
  return (
    <div className="brand" aria-label="JARVIS Medical">
      <span className="brand-mark" aria-hidden="true">J</span>
      <span><strong>JARVIS</strong><small>Medical Platform</small></span>
    </div>
  )
}

function Login({ onAuthenticated }: { onAuthenticated: (user: User) => void }) {
  const [email, setEmail] = useState('')
  const [password, setPassword] = useState('')
  const [error, setError] = useState('')
  const [loading, setLoading] = useState(false)

  async function handleSubmit(event: FormEvent<HTMLFormElement>) {
    event.preventDefault()
    setError('')
    setLoading(true)
    try {
      const tokens = await apiRequest<TokenResponse>('/auth/login', {
        method: 'POST',
        body: JSON.stringify({ email, senha: password }),
      })
      saveSession(tokens)
      onAuthenticated(await apiRequest<User>('/auth/me'))
    } catch (caught) {
      clearSession()
      setError(caught instanceof ApiError ? caught.message : 'API indisponível. Tente novamente.')
    } finally {
      setLoading(false)
    }
  }

  return (
    <main className="login-layout">
      <section className="login-story">
        <Brand />
        <div className="story-copy">
          <span className="eyebrow">Cuidado conectado</span>
          <h1>Informação clínica organizada para decisões mais seguras.</h1>
          <p>Uma plataforma modular que reúne a operação assistencial com privacidade, rastreabilidade e clareza.</p>
        </div>
        <div className="privacy-note"><span aria-hidden="true">✓</span> Acesso protegido e auditável</div>
      </section>

      <section className="login-panel">
        <form className="login-card" onSubmit={handleSubmit}>
          <div className="mobile-brand"><Brand /></div>
          <span className="eyebrow">Portal profissional</span>
          <h2>Boas-vindas</h2>
          <p className="muted">Entre com suas credenciais para acessar o ambiente JARVIS.</p>

          <label htmlFor="email">E-mail</label>
          <input id="email" type="email" autoComplete="username" placeholder="nome@instituicao.com.br" value={email} onChange={(event) => setEmail(event.target.value)} required />
          <label htmlFor="password">Senha</label>
          <input id="password" type="password" autoComplete="current-password" placeholder="Sua senha" value={password} onChange={(event) => setPassword(event.target.value)} required />

          {error && <div className="error-message" role="alert">{error}</div>}
          <button className="primary-button" type="submit" disabled={loading}>{loading ? 'Autenticando…' : 'Entrar no portal'}</button>
          <p className="support-copy">Problemas de acesso? Procure o administrador da sua instituição.</p>
        </form>
      </section>
    </main>
  )
}

function Dashboard({ user, onLogout }: { user: User; onLogout: () => void }) {
  const [health, setHealth] = useState<'checking' | 'online' | 'offline'>('checking')

  useEffect(() => {
    apiRequest<DatabaseHealth>('/saúde/db').then(() => setHealth('online')).catch(() => setHealth('offline'))
  }, [])

  return (
    <div className="app-shell">
      <aside className="sidebar">
        <Brand />
        <nav aria-label="Navegação principal">
          <a className="nav-item active" href="#inicio">Visão geral</a>
          {modules.map((module) => <a className="nav-item" href={`#${module.name.toLowerCase()}`} key={module.name}>{module.name}</a>)}
        </nav>
        <button className="logout-button" onClick={onLogout}>Sair com segurança</button>
      </aside>

      <main className="dashboard" id="inicio">
        <header className="topbar">
          <div><span className="eyebrow">Ambiente assistencial</span><h1>Olá, {user.nome.split(' ')[0]}</h1></div>
          <div className={`health-pill ${health}`}><span aria-hidden="true" />{health === 'checking' ? 'Verificando API' : health === 'online' ? 'Sistemas operacionais' : 'API indisponível'}</div>
        </header>

        <section className="welcome-card">
          <div>
            <span className="eyebrow">Sua central de trabalho</span>
            <h2>O essencial da jornada do paciente, em um só lugar.</h2>
            <p>Acesse os módulos conforme as permissões associadas ao seu perfil.</p>
          </div>
          <div className="user-badge"><strong>{user.nome}</strong><span>{user.email}</span></div>
        </section>

        <section aria-labelledby="modules-title">
          <div className="section-heading">
            <div><span className="eyebrow">Módulos</span><h2 id="modules-title">Áreas de trabalho</h2></div>
            <span className="muted">Acesso controlado por RBAC</span>
          </div>
          <div className="module-grid">
            {modules.map((module, index) => (
              <article className={`module-card ${module.accent}`} id={module.name.toLowerCase()} key={module.name}>
                <span className="module-index">0{index + 1}</span><h3>{module.name}</h3><p>{module.detail}</p><button type="button" disabled>Em breve</button>
              </article>
            ))}
          </div>
        </section>
      </main>
    </div>
  )
}

export default function App() {
  const [user, setUser] = useState<User | null>(null)
  const [restoring, setRestoring] = useState(Boolean(readSession()))
  const logout = useCallback(() => { clearSession(); setUser(null) }, [])

  useEffect(() => {
    if (!readSession()) return
    apiRequest<User>('/auth/me').then(setUser).catch(logout).finally(() => setRestoring(false))
  }, [logout])

  if (restoring) return <div className="loading-screen"><Brand /><span>Restaurando sessão…</span></div>
  return user ? <Dashboard user={user} onLogout={logout} /> : <Login onAuthenticated={setUser} />
}
